
Microsoft Visual Studio Solution File, Format Version 12.00
# Visual Studio Version 17
VisualStudioVersion = 17.2.32630.192
MinimumVisualStudioVersion = 10.0.40219.1
Project("{FAE04EC0-301F-11D3-BF4B-00C04F79EFBC}") = "BasicProgram", "BasicProgram.csproj", "{2919A1BE-A543-4C90-9B6C-04F70C89DAE9}"
EndProject
Global
	GlobalSection(SolutionConfigurationPlatforms) = preSolution
		Debug|Any CPU = Debug|Any CPU
		Release|Any CPU = Release|Any CPU
	EndGlobalSection
	GlobalSection(ProjectConfigurationPlatforms) = postSolution
		{2919A1BE-A543-4C90-9B6C-04F70C89DAE9}.Debug|Any CPU.ActiveCfg = Debug|Any CPU
		{2919A1BE-A543-4C90-9B6C-04F70C89DAE9}.Debug|Any CPU.Build.0 = Debug|Any CPU
		{2919A1BE-A543-4C90-9B6C-04F70C89DAE9}.Release|Any CPU.ActiveCfg = Release|Any CPU
		{2919A1BE-A543-4C90-9B6C-04F70C89DAE9}.Release|Any CPU.Build.0 = Release|Any CPU
	EndGlobalSection
	GlobalSection(SolutionProperties) = preSolution
		HideSolutionNode = FALSE
	EndGlobalSection
	GlobalSection(ExtensibilityGlobals) = postSolution
		SolutionGuid = {F22FEE67-EE55-48DF-8D7C-68AA543DF75B}
	EndGlobalSection
EndGlobal
